
Microsoft Visual Studio Solution File, Format Version 12.00
# Visual Studio Version 16
VisualStudioVersion = 16.0.29613.14
MinimumVisualStudioVersion = 10.0.40219.1
Project("{FAE04EC0-301F-11D3-BF4B-00C04F79EFBC}") = "ThreadDispatcher", "ThreadDispatcher\ThreadDispatcher.csproj", "{B2BE0DAF-59AF-4F13-871E-32BB294A6A2E}"
EndProject
Global
	GlobalSection(SolutionConfigurationPlatforms) = preSolution
		Debug|Any CPU = Debug|Any CPU
		Release|Any CPU = Release|Any CPU
	EndGlobalSection
	GlobalSection(ProjectConfigurationPlatforms) = postSolution
		{B2BE0DAF-59AF-4F13-871E-32BB294A6A2E}.Debug|Any CPU.ActiveCfg = Debug|Any CPU
		{B2BE0DAF-59AF-4F13-871E-32BB294A6A2E}.Debug|Any CPU.Build.0 = Debug|Any CPU
		{B2BE0DAF-59AF-4F13-871E-32BB294A6A2E}.Release|Any CPU.ActiveCfg = Release|Any CPU
		{B2BE0DAF-59AF-4F13-871E-32BB294A6A2E}.Release|Any CPU.Build.0 = Release|Any CPU
	EndGlobalSection
	GlobalSection(SolutionProperties) = preSolution
		HideSolutionNode = FALSE
	EndGlobalSection
	GlobalSection(ExtensibilityGlobals) = postSolution
		SolutionGuid = {6BBEB422-2004-4B48-BEF7-C5F1D5F3B054}
	EndGlobalSection
EndGlobal
